# This file is automatically @generated by Poetry 1.8.2 and should not be changed by hand.

[[package]]
name = "dawg-python"
version = "0.7.2"
description = "Pure-python reader for DAWGs (DAFSAs) created by dawgdic C++ library or DAWG Python extension."
optional = false
python-versions = "*"
files = [
    {file = "DAWG-Python-0.7.2.tar.gz", hash = "sha256:4a5e3286e6261cca02f205cfd5516a7ab10190fa30c51c28d345808f595e3421"},
    {file = "DAWG_Python-0.7.2-py2.py3-none-any.whl", hash = "sha256:4941d5df081b8d6fcb4597e073a9f60d5c1ccc9d17cd733e8744d7ecfec94ef3"},
]

[[package]]
name = "petrovich"
version = "2.0.1"
description = "Библиотека для склонения кириллических ФИО по падежам"
optional = false
python-versions = ">=3.6"
files = [
    {file = "Petrovich-2.0.1-py3-none-any.whl", hash = "sha256:d7901a43c6aa3cdedc288eecd0d7e7a061aadb162c7d5d352411c25aec48e288"},
]

[[package]]
name = "pymorphy3"
version = "2.0.2"
description = "Morphological analyzer (POS tagger + inflection engine) for Russian language."
optional = false
python-versions = "*"
files = [
    {file = "pymorphy3-2.0.2-py3-none-any.whl", hash = "sha256:5c4534e09e424c765a69601b5cc3735080dfafed15105961b3c16616793891d0"},
    {file = "pymorphy3-2.0.2.tar.gz", hash = "sha256:5192660028a0bfdf33ff19e827b73d6467dea32be87ad0faae9f2425e40d701c"},
]

[package.dependencies]
dawg-python = ">=0.7.1"
pymorphy3-dicts-ru = "*"
setuptools = {version = ">=68.2.2", markers = "python_version >= \"3.12\""}

[package.extras]
cli = ["click"]
fast = ["DAWG (>=0.8)"]

[[package]]
name = "pymorphy3-dicts-ru"
version = "2.4.417150.4580142"
description = "Russian dictionaries for pymorphy2"
optional = false
python-versions = "*"
files = [
    {file = "pymorphy3-dicts-ru-2.4.417150.4580142.tar.gz", hash = "sha256:39ab379d4ca905bafed50f5afc3a3de6f9643605776fbcabc4d3088d4ed382b0"},
    {file = "pymorphy3_dicts_ru-2.4.417150.4580142-py2.py3-none-any.whl", hash = "sha256:718bac64c73c10c16073a199402657283d9b64c04188b694f6d3e9b0d85440f4"},
]

[[package]]
name = "pyphrasy"
version = "0.2.0"
description = "Inflection russian collocations based on pymorphy2"
optional = false
python-versions = "*"
files = [
    {file = "pyphrasy-0.2.0.tar.gz", hash = "sha256:bd590abe963fbf8bcf0fdf8d1ef0e4f0447b18f691fd1801a821f9e973cfaa56"},
]

[[package]]
name = "setuptools"
version = "75.1.0"
description = "Easily download, build, install, upgrade, and uninstall Python packages"
optional = false
python-versions = ">=3.8"
files = [
    {file = "setuptools-75.1.0-py3-none-any.whl", hash = "sha256:35ab7fd3bcd95e6b7fd704e4a1539513edad446c097797f2985e0e4b960772f2"},
    {file = "setuptools-75.1.0.tar.gz", hash = "sha256:d59a21b17a275fb872a9c3dae73963160ae079f1049ed956880cd7c09b120538"},
]

[package.extras]
check = ["pytest-checkdocs (>=2.4)", "pytest-ruff (>=0.2.1)", "ruff (>=0.5.2)"]
core = ["importlib-metadata (>=6)", "importlib-resources (>=5.10.2)", "jaraco.collections", "jaraco.functools", "jaraco.text (>=3.7)", "more-itertools", "more-itertools (>=8.8)", "packaging", "packaging (>=24)", "platformdirs (>=2.6.2)", "tomli (>=2.0.1)", "wheel (>=0.43.0)"]
cover = ["pytest-cov"]
doc = ["furo", "jaraco.packaging (>=9.3)", "jaraco.tidelift (>=1.4)", "pygments-github-lexers (==0.0.5)", "pyproject-hooks (!=1.1)", "rst.linker (>=1.9)", "sphinx (>=3.5)", "sphinx-favicon", "sphinx-inline-tabs", "sphinx-lint", "sphinx-notfound-page (>=1,<2)", "sphinx-reredirects", "sphinxcontrib-towncrier", "towncrier (<24.7)"]
enabler = ["pytest-enabler (>=2.2)"]
test = ["build[virtualenv] (>=1.0.3)", "filelock (>=3.4.0)", "ini2toml[lite] (>=0.14)", "jaraco.develop (>=7.21)", "jaraco.envs (>=2.2)", "jaraco.path (>=3.2.0)", "jaraco.test", "packaging (>=23.2)", "pip (>=19.1)", "pyproject-hooks (!=1.1)", "pytest (>=6,!=8.1.*)", "pytest-home (>=0.5)", "pytest-perf", "pytest-subprocess", "pytest-timeout", "pytest-xdist (>=3)", "tomli-w (>=1.0.0)", "virtualenv (>=13.0.0)", "wheel (>=0.44.0)"]
type = ["importlib-metadata (>=7.0.2)", "jaraco.develop (>=7.21)", "mypy (==1.11.*)", "pytest-mypy"]

[metadata]
lock-version = "2.0"
python-versions = "^3.12"
content-hash = "dcf14a4bdfed8bedbe9707423d87b7fe47818d832ada51a5d1a3aeacd68cdc86"
